{
  "name": "kazisquare-functions",
  "version": "0.0.1",
  "lockfileVersion": 2,
  "requires": true,
  "packages": {
    "": {
      "version": "0.0.1",
      "dependencies": {
        "bfastnode": "^4.2.2",
        "html2json": "^1.0.2",
        "numeral": "^2.0.6"
      }
    },
    "node_modules/bfastnode": {
      "version": "4.2.2",
      "resolved": "https://registry.npmjs.org/bfastnode/-/bfastnode-4.2.2.tgz",
      "integrity": "sha512-o14GWaao7qdbJJ+27I3LnUpQTrjFrt8PDY8+17/bLhwIdnIGXJ5thLAXv/p8vsCLl4X/5ip0ooSX6SefThRZSQ=="
    },
    "node_modules/html2json": {
      "version": "1.0.2",
      "resolved": "https://registry.npmjs.org/html2json/-/html2json-1.0.2.tgz",
      "integrity": "sha1-ydbSAvplQCOGwgKzRc9RvOgO0e8="
    },
    "node_modules/numeral": {
      "version": "2.0.6",
      "resolved": "https://registry.npmjs.org/numeral/-/numeral-2.0.6.tgz",
      "integrity": "sha1-StCAk21EPCVhrtnyGX7//iX05QY=",
      "engines": {
        "node": "*"
      }
    }
  },
  "dependencies": {
    "bfastnode": {
      "version": "4.2.2",
      "resolved": "https://registry.npmjs.org/bfastnode/-/bfastnode-4.2.2.tgz",
      "integrity": "sha512-o14GWaao7qdbJJ+27I3LnUpQTrjFrt8PDY8+17/bLhwIdnIGXJ5thLAXv/p8vsCLl4X/5ip0ooSX6SefThRZSQ=="
    },
    "html2json": {
      "version": "1.0.2",
      "resolved": "https://registry.npmjs.org/html2json/-/html2json-1.0.2.tgz",
      "integrity": "sha1-ydbSAvplQCOGwgKzRc9RvOgO0e8="
    },
    "numeral": {
      "version": "2.0.6",
      "resolved": "https://registry.npmjs.org/numeral/-/numeral-2.0.6.tgz",
      "integrity": "sha1-StCAk21EPCVhrtnyGX7//iX05QY="
    }
  }
}
