{
  "name": "kazisquare-functions",
  "version": "0.0.2",
  "lockfileVersion": 1,
  "requires": true,
  "dependencies": {
    "bfastnode": {
      "version": "4.2.5",
      "resolved": "https://registry.npmjs.org/bfastnode/-/bfastnode-4.2.5.tgz",
      "integrity": "sha512-C3tNIoXQ5GyQ6M2PBKztD/ivYFlPLch7f8Ln29t0ZgRYDSCB29FVGkfySMsVn/hPaR+KKlX5tWGeX70k1Q8FJw=="
    },
    "moment": {
      "version": "2.29.1",
      "resolved": "https://registry.npmjs.org/moment/-/moment-2.29.1.tgz",
      "integrity": "sha512-kHmoybcPV8Sqy59DwNDY3Jefr64lK/by/da0ViFcuA4DH0vQg5Q6Ze5VimxkfQNSC+Mls/Kx53s7TjP1RhFEDQ=="
    },
    "numeral": {
      "version": "2.0.6",
      "resolved": "https://registry.npmjs.org/numeral/-/numeral-2.0.6.tgz",
      "integrity": "sha1-StCAk21EPCVhrtnyGX7//iX05QY="
    }
  }
}
