{
  "name": "kazisquare-functions",
  "version": "0.0.2",
  "lockfileVersion": 2,
  "requires": true,
  "packages": {
    "": {
      "version": "0.0.2",
      "dependencies": {
        "bfastnode": "^4.2.5",
        "numeral": "^2.0.6"
      }
    },
    "node_modules/bfastnode": {
      "version": "4.2.5",
      "resolved": "https://registry.npmjs.org/bfastnode/-/bfastnode-4.2.5.tgz",
      "integrity": "sha512-C3tNIoXQ5GyQ6M2PBKztD/ivYFlPLch7f8Ln29t0ZgRYDSCB29FVGkfySMsVn/hPaR+KKlX5tWGeX70k1Q8FJw=="
    },
    "node_modules/numeral": {
      "version": "2.0.6",
      "resolved": "https://registry.npmjs.org/numeral/-/numeral-2.0.6.tgz",
      "integrity": "sha1-StCAk21EPCVhrtnyGX7//iX05QY=",
      "engines": {
        "node": "*"
      }
    }
  },
  "dependencies": {
    "bfastnode": {
      "version": "4.2.5",
      "resolved": "https://registry.npmjs.org/bfastnode/-/bfastnode-4.2.5.tgz",
      "integrity": "sha512-C3tNIoXQ5GyQ6M2PBKztD/ivYFlPLch7f8Ln29t0ZgRYDSCB29FVGkfySMsVn/hPaR+KKlX5tWGeX70k1Q8FJw=="
    },
    "numeral": {
      "version": "2.0.6",
      "resolved": "https://registry.npmjs.org/numeral/-/numeral-2.0.6.tgz",
      "integrity": "sha1-StCAk21EPCVhrtnyGX7//iX05QY="
    }
  }
}
